
Microsoft Visual Studio Solution File, Format Version 11.00
# Visual Studio 2010
# SharpDevelop 5.1
Project("{FAE04EC0-301F-11D3-BF4B-00C04F79EFBC}") = "nota1Intento2", "nota1Intento2\nota1Intento2.csproj", "{161B0F13-5C84-4FD9-9A84-35F2060838A1}"
EndProject
Project("{FAE04EC0-301F-11D3-BF4B-00C04F79EFBC}") = "Model", "Model\Model.csproj", "{B9CC0660-D9E8-4EF9-943C-B1B470A12D37}"
EndProject
Global
	GlobalSection(SolutionConfigurationPlatforms) = preSolution
		Debug|Any CPU = Debug|Any CPU
		Release|Any CPU = Release|Any CPU
	EndGlobalSection
	GlobalSection(ProjectConfigurationPlatforms) = postSolution
		{161B0F13-5C84-4FD9-9A84-35F2060838A1}.Debug|Any CPU.ActiveCfg = Debug|Any CPU
		{161B0F13-5C84-4FD9-9A84-35F2060838A1}.Debug|Any CPU.Build.0 = Debug|Any CPU
		{161B0F13-5C84-4FD9-9A84-35F2060838A1}.Release|Any CPU.ActiveCfg = Release|Any CPU
		{161B0F13-5C84-4FD9-9A84-35F2060838A1}.Release|Any CPU.Build.0 = Release|Any CPU
		{B9CC0660-D9E8-4EF9-943C-B1B470A12D37}.Debug|Any CPU.ActiveCfg = Debug|Any CPU
		{B9CC0660-D9E8-4EF9-943C-B1B470A12D37}.Debug|Any CPU.Build.0 = Debug|Any CPU
		{B9CC0660-D9E8-4EF9-943C-B1B470A12D37}.Release|Any CPU.ActiveCfg = Release|Any CPU
		{B9CC0660-D9E8-4EF9-943C-B1B470A12D37}.Release|Any CPU.Build.0 = Release|Any CPU
	EndGlobalSection
EndGlobal
